{
  "lockfile-version": 0,
  "manifest": {
    "hook": {},
    "install": {
      "nodejs": {
        "pkg-path": "nodejs"
      },
      "pip": {
        "pkg-path": "python311Packages.pip"
      },
      "pnpm": {
        "pkg-path": "nodePackages.pnpm"
      },
      "python": {
        "pkg-path": "python311Packages.python"
      }
    },
    "options": {
      "systems": [
        "x86_64-linux"
      ]
    },
    "profile": {
      "common": "  # Autogenerated by Flox\n\n  # Install nodejs depedencies\n  npm install\n\n  # End autogenerated by Flox\n"
    },
    "registry": {
      "defaults": {
        "subtrees": null
      },
      "inputs": {
        "nixpkgs": {
          "from": {
            "owner": "NixOS",
            "ref": "release-23.11",
            "repo": "nixpkgs",
            "type": "github"
          },
          "subtrees": [
            "legacyPackages"
          ]
        }
      },
      "priority": [
        "nixpkgs"
      ]
    },
    "vars": {}
  },
  "packages": {
    "x86_64-linux": {
      "nodejs": {
        "attr-path": [
          "legacyPackages",
          "x86_64-linux",
          "nodejs"
        ],
        "info": {
          "broken": false,
          "description": "Event-driven I/O framework for the V8 JavaScript engine",
          "license": "MIT",
          "pname": "nodejs",
          "unfree": false,
          "version": "18.19.1"
        },
        "input": {
          "attrs": {
            "lastModified": 1713816816,
            "narHash": "sha256-Pcna7O8vRLPXXCT1aUAnxstGN4sy8qgJEpSKBHUY7gg=",
            "owner": "NixOS",
            "repo": "nixpkgs",
            "rev": "e9e8cbde263cb180c2b710d5e6c43043143c72cf",
            "type": "github"
          },
          "fingerprint": "21735e3078663ef7f1b00baa0a811ee6cb443e8c850f40b8ec3fae84c7ea87cb",
          "url": "github:NixOS/nixpkgs/e9e8cbde263cb180c2b710d5e6c43043143c72cf"
        },
        "priority": 5
      },
      "pip": {
        "attr-path": [
          "legacyPackages",
          "x86_64-linux",
          "python311Packages",
          "pip"
        ],
        "info": {
          "broken": false,
          "description": "The PyPA recommended tool for installing Python packages",
          "license": null,
          "pname": "pip",
          "unfree": false,
          "version": "23.2.1"
        },
        "input": {
          "attrs": {
            "lastModified": 1713816816,
            "narHash": "sha256-Pcna7O8vRLPXXCT1aUAnxstGN4sy8qgJEpSKBHUY7gg=",
            "owner": "NixOS",
            "repo": "nixpkgs",
            "rev": "e9e8cbde263cb180c2b710d5e6c43043143c72cf",
            "type": "github"
          },
          "fingerprint": "21735e3078663ef7f1b00baa0a811ee6cb443e8c850f40b8ec3fae84c7ea87cb",
          "url": "github:NixOS/nixpkgs/e9e8cbde263cb180c2b710d5e6c43043143c72cf"
        },
        "priority": 5
      },
      "pnpm": {
        "attr-path": [
          "legacyPackages",
          "x86_64-linux",
          "nodePackages",
          "pnpm"
        ],
        "info": {
          "broken": false,
          "description": "Fast, disk space efficient package manager",
          "license": null,
          "pname": "pnpm",
          "unfree": false,
          "version": "8.10.2"
        },
        "input": {
          "attrs": {
            "lastModified": 1713816816,
            "narHash": "sha256-Pcna7O8vRLPXXCT1aUAnxstGN4sy8qgJEpSKBHUY7gg=",
            "owner": "NixOS",
            "repo": "nixpkgs",
            "rev": "e9e8cbde263cb180c2b710d5e6c43043143c72cf",
            "type": "github"
          },
          "fingerprint": "21735e3078663ef7f1b00baa0a811ee6cb443e8c850f40b8ec3fae84c7ea87cb",
          "url": "github:NixOS/nixpkgs/e9e8cbde263cb180c2b710d5e6c43043143c72cf"
        },
        "priority": 5
      },
      "python": {
        "attr-path": [
          "legacyPackages",
          "x86_64-linux",
          "python311Packages",
          "python"
        ],
        "info": {
          "broken": false,
          "description": "A high-level dynamically-typed programming language",
          "license": "Python-2.0",
          "pname": "python3",
          "unfree": false,
          "version": "3.11.8"
        },
        "input": {
          "attrs": {
            "lastModified": 1713816816,
            "narHash": "sha256-Pcna7O8vRLPXXCT1aUAnxstGN4sy8qgJEpSKBHUY7gg=",
            "owner": "NixOS",
            "repo": "nixpkgs",
            "rev": "e9e8cbde263cb180c2b710d5e6c43043143c72cf",
            "type": "github"
          },
          "fingerprint": "21735e3078663ef7f1b00baa0a811ee6cb443e8c850f40b8ec3fae84c7ea87cb",
          "url": "github:NixOS/nixpkgs/e9e8cbde263cb180c2b710d5e6c43043143c72cf"
        },
        "priority": 5
      }
    }
  },
  "registry": {
    "defaults": {
      "subtrees": null
    },
    "inputs": {
      "nixpkgs": {
        "from": {
          "lastModified": 1713816816,
          "narHash": "sha256-Pcna7O8vRLPXXCT1aUAnxstGN4sy8qgJEpSKBHUY7gg=",
          "owner": "NixOS",
          "repo": "nixpkgs",
          "rev": "e9e8cbde263cb180c2b710d5e6c43043143c72cf",
          "type": "github"
        },
        "subtrees": [
          "legacyPackages"
        ]
      }
    },
    "priority": [
      "nixpkgs"
    ]
  }
}